
Microsoft Visual Studio Solution File, Format Version 12.00
# Visual Studio Version 17
VisualStudioVersion = 17.11.35327.3
MinimumVisualStudioVersion = 10.0.40219.1
Project("{9A19103F-16F7-4668-BE54-9A1E7A4F7556}") = "API", "API.csproj", "{2A76CDF2-537F-41FE-B36F-320787F166A4}"
EndProject
Project("{9A19103F-16F7-4668-BE54-9A1E7A4F7556}") = "Domain Layer", "..\Domain Layer\Domain Layer.csproj", "{83B4253F-7664-4B74-ADB7-76A70F3DFA48}"
EndProject
Project("{9A19103F-16F7-4668-BE54-9A1E7A4F7556}") = "Application Layer", "..\Application Layer\Application Layer.csproj", "{3AB0839D-1C1C-4238-BFAA-48C401EEED94}"
EndProject
Project("{9A19103F-16F7-4668-BE54-9A1E7A4F7556}") = "Infrastructure Layer", "..\Infrastructure Layer\Infrastructure Layer.csproj", "{547374DE-A235-4C36-BC22-F370341257DD}"
EndProject
Project("{FAE04EC0-301F-11D3-BF4B-00C04F79EFBC}") = "Tests", "..\Tests\Tests.csproj", "{716A7196-5761-409A-82A1-549C838761FA}"
EndProject
Global
	GlobalSection(SolutionConfigurationPlatforms) = preSolution
		Debug|Any CPU = Debug|Any CPU
		Release|Any CPU = Release|Any CPU
	EndGlobalSection
	GlobalSection(ProjectConfigurationPlatforms) = postSolution
		{2A76CDF2-537F-41FE-B36F-320787F166A4}.Debug|Any CPU.ActiveCfg = Debug|Any CPU
		{2A76CDF2-537F-41FE-B36F-320787F166A4}.Debug|Any CPU.Build.0 = Debug|Any CPU
		{2A76CDF2-537F-41FE-B36F-320787F166A4}.Release|Any CPU.ActiveCfg = Release|Any CPU
		{2A76CDF2-537F-41FE-B36F-320787F166A4}.Release|Any CPU.Build.0 = Release|Any CPU
		{83B4253F-7664-4B74-ADB7-76A70F3DFA48}.Debug|Any CPU.ActiveCfg = Debug|Any CPU
		{83B4253F-7664-4B74-ADB7-76A70F3DFA48}.Debug|Any CPU.Build.0 = Debug|Any CPU
		{83B4253F-7664-4B74-ADB7-76A70F3DFA48}.Release|Any CPU.ActiveCfg = Release|Any CPU
		{83B4253F-7664-4B74-ADB7-76A70F3DFA48}.Release|Any CPU.Build.0 = Release|Any CPU
		{3AB0839D-1C1C-4238-BFAA-48C401EEED94}.Debug|Any CPU.ActiveCfg = Debug|Any CPU
		{3AB0839D-1C1C-4238-BFAA-48C401EEED94}.Debug|Any CPU.Build.0 = Debug|Any CPU
		{3AB0839D-1C1C-4238-BFAA-48C401EEED94}.Release|Any CPU.ActiveCfg = Release|Any CPU
		{3AB0839D-1C1C-4238-BFAA-48C401EEED94}.Release|Any CPU.Build.0 = Release|Any CPU
		{547374DE-A235-4C36-BC22-F370341257DD}.Debug|Any CPU.ActiveCfg = Debug|Any CPU
		{547374DE-A235-4C36-BC22-F370341257DD}.Debug|Any CPU.Build.0 = Debug|Any CPU
		{547374DE-A235-4C36-BC22-F370341257DD}.Release|Any CPU.ActiveCfg = Release|Any CPU
		{547374DE-A235-4C36-BC22-F370341257DD}.Release|Any CPU.Build.0 = Release|Any CPU
		{716A7196-5761-409A-82A1-549C838761FA}.Debug|Any CPU.ActiveCfg = Debug|Any CPU
		{716A7196-5761-409A-82A1-549C838761FA}.Debug|Any CPU.Build.0 = Debug|Any CPU
		{716A7196-5761-409A-82A1-549C838761FA}.Release|Any CPU.ActiveCfg = Release|Any CPU
		{716A7196-5761-409A-82A1-549C838761FA}.Release|Any CPU.Build.0 = Release|Any CPU
	EndGlobalSection
	GlobalSection(SolutionProperties) = preSolution
		HideSolutionNode = FALSE
	EndGlobalSection
	GlobalSection(ExtensibilityGlobals) = postSolution
		SolutionGuid = {D64276F9-6D7B-440D-8FD7-729A8992F3A1}
	EndGlobalSection
EndGlobal
